// !$*UTF8*$!
{
	archiveVersion = 1;
	classes = {
	};
	objectVersion = 56;
	objects = {

/* Begin PBXBuildFile section */
		87168C1B2B4C710A00DC6AB9 /* JBKit.h in Headers */ = {isa = PBXBuildFile; fileRef = 87168C1A2B4C710A00DC6AB9 /* JBKit.h */; settings = {ATTRIBUTES = (Public, ); }; };
		87168C232B4C71B400DC6AB9 /* JBExploit.cpp in Sources */ = {isa = PBXBuildFile; fileRef = 87168C212B4C71B400DC6AB9 /* JBExploit.cpp */; };
		87168C242B4C71B400DC6AB9 /* JBExploit.hpp in Headers */ = {isa = PBXBuildFile; fileRef = 87168C222B4C71B400DC6AB9 /* JBExploit.hpp */; settings = {ATTRIBUTES = (Public, ); }; };
		87168C272B4C71DD00DC6AB9 /* JBPrimitive.cpp in Sources */ = {isa = PBXBuildFile; fileRef = 87168C252B4C71DD00DC6AB9 /* JBPrimitive.cpp */; };
		87168C282B4C71DD00DC6AB9 /* JBPrimitive.hpp in Headers */ = {isa = PBXBuildFile; fileRef = 87168C262B4C71DD00DC6AB9 /* JBPrimitive.hpp */; settings = {ATTRIBUTES = (Public, ); }; };
		87168C2B2B4C720500DC6AB9 /* JBOffsets.cpp in Sources */ = {isa = PBXBuildFile; fileRef = 87168C292B4C720500DC6AB9 /* JBOffsets.cpp */; };
		87168C2C2B4C720500DC6AB9 /* JBOffsets.hpp in Headers */ = {isa = PBXBuildFile; fileRef = 87168C2A2B4C720500DC6AB9 /* JBOffsets.hpp */; settings = {ATTRIBUTES = (Public, ); }; };
		87168C322B4C807C00DC6AB9 /* JBException.cpp in Sources */ = {isa = PBXBuildFile; fileRef = 87168C302B4C807C00DC6AB9 /* JBException.cpp */; };
		87168C332B4C807C00DC6AB9 /* JBException.hpp in Headers */ = {isa = PBXBuildFile; fileRef = 87168C312B4C807C00DC6AB9 /* JBException.hpp */; settings = {ATTRIBUTES = (Public, ); }; };
		87168C342B4C930F00DC6AB9 /* JBTypes.h in Headers */ = {isa = PBXBuildFile; fileRef = 87168C2D2B4C75D900DC6AB9 /* JBTypes.h */; settings = {ATTRIBUTES = (Public, ); }; };
		87168C352B4C931700DC6AB9 /* JBMacros.h in Headers */ = {isa = PBXBuildFile; fileRef = 87168C2E2B4C7FF800DC6AB9 /* JBMacros.h */; settings = {ATTRIBUTES = (Public, ); }; };
		874CABED2B4CA35E0002EC15 /* libxpc.tbd in Frameworks */ = {isa = PBXBuildFile; fileRef = 874CABEB2B4CA2A80002EC15 /* libxpc.tbd */; };
/* End PBXBuildFile section */

/* Begin PBXFileReference section */
		87168C172B4C710A00DC6AB9 /* JBKit.framework */ = {isa = PBXFileReference; explicitFileType = wrapper.framework; includeInIndex = 0; path = JBKit.framework; sourceTree = BUILT_PRODUCTS_DIR; };
		87168C1A2B4C710A00DC6AB9 /* JBKit.h */ = {isa = PBXFileReference; lastKnownFileType = sourcecode.c.h; path = JBKit.h; sourceTree = "<group>"; };
		87168C212B4C71B400DC6AB9 /* JBExploit.cpp */ = {isa = PBXFileReference; lastKnownFileType = sourcecode.cpp.cpp; path = JBExploit.cpp; sourceTree = "<group>"; };
		87168C222B4C71B400DC6AB9 /* JBExploit.hpp */ = {isa = PBXFileReference; lastKnownFileType = sourcecode.cpp.h; path = JBExploit.hpp; sourceTree = "<group>"; };
		87168C252B4C71DD00DC6AB9 /* JBPrimitive.cpp */ = {isa = PBXFileReference; lastKnownFileType = sourcecode.cpp.cpp; path = JBPrimitive.cpp; sourceTree = "<group>"; };
		87168C262B4C71DD00DC6AB9 /* JBPrimitive.hpp */ = {isa = PBXFileReference; lastKnownFileType = sourcecode.cpp.h; path = JBPrimitive.hpp; sourceTree = "<group>"; };
		87168C292B4C720500DC6AB9 /* JBOffsets.cpp */ = {isa = PBXFileReference; lastKnownFileType = sourcecode.cpp.cpp; path = JBOffsets.cpp; sourceTree = "<group>"; };
		87168C2A2B4C720500DC6AB9 /* JBOffsets.hpp */ = {isa = PBXFileReference; lastKnownFileType = sourcecode.cpp.h; path = JBOffsets.hpp; sourceTree = "<group>"; };
		87168C2D2B4C75D900DC6AB9 /* JBTypes.h */ = {isa = PBXFileReference; lastKnownFileType = sourcecode.c.h; path = JBTypes.h; sourceTree = "<group>"; };
		87168C2E2B4C7FF800DC6AB9 /* JBMacros.h */ = {isa = PBXFileReference; lastKnownFileType = sourcecode.c.h; path = JBMacros.h; sourceTree = "<group>"; };
		87168C302B4C807C00DC6AB9 /* JBException.cpp */ = {isa = PBXFileReference; lastKnownFileType = sourcecode.cpp.cpp; path = JBException.cpp; sourceTree = "<group>"; };
		87168C312B4C807C00DC6AB9 /* JBException.hpp */ = {isa = PBXFileReference; lastKnownFileType = sourcecode.cpp.h; path = JBException.hpp; sourceTree = "<group>"; };
		874CABEB2B4CA2A80002EC15 /* libxpc.tbd */ = {isa = PBXFileReference; lastKnownFileType = "sourcecode.text-based-dylib-definition"; name = libxpc.tbd; path = Platforms/MacOSX.platform/Developer/SDKs/MacOSX14.0.sdk/usr/lib/system/libxpc.tbd; sourceTree = DEVELOPER_DIR; };
/* End PBXFileReference section */

/* Begin PBXFrameworksBuildPhase section */
		87168C142B4C710A00DC6AB9 /* Frameworks */ = {
			isa = PBXFrameworksBuildPhase;
			buildActionMask = 2147483647;
			files = (
				874CABED2B4CA35E0002EC15 /* libxpc.tbd in Frameworks */,
			);
			runOnlyForDeploymentPostprocessing = 0;
		};
/* End PBXFrameworksBuildPhase section */

/* Begin PBXGroup section */
		87168C0D2B4C710A00DC6AB9 = {
			isa = PBXGroup;
			children = (
				87168C192B4C710A00DC6AB9 /* JBKit */,
				87168C182B4C710A00DC6AB9 /* Products */,
				874CABEA2B4CA2A80002EC15 /* Frameworks */,
			);
			sourceTree = "<group>";
		};
		87168C182B4C710A00DC6AB9 /* Products */ = {
			isa = PBXGroup;
			children = (
				87168C172B4C710A00DC6AB9 /* JBKit.framework */,
			);
			name = Products;
			sourceTree = "<group>";
		};
		87168C192B4C710A00DC6AB9 /* JBKit */ = {
			isa = PBXGroup;
			children = (
				87168C1A2B4C710A00DC6AB9 /* JBKit.h */,
				87168C2A2B4C720500DC6AB9 /* JBOffsets.hpp */,
				87168C292B4C720500DC6AB9 /* JBOffsets.cpp */,
				87168C2D2B4C75D900DC6AB9 /* JBTypes.h */,
				87168C2E2B4C7FF800DC6AB9 /* JBMacros.h */,
				87168C312B4C807C00DC6AB9 /* JBException.hpp */,
				87168C302B4C807C00DC6AB9 /* JBException.cpp */,
				87168C222B4C71B400DC6AB9 /* JBExploit.hpp */,
				87168C212B4C71B400DC6AB9 /* JBExploit.cpp */,
				87168C262B4C71DD00DC6AB9 /* JBPrimitive.hpp */,
				87168C252B4C71DD00DC6AB9 /* JBPrimitive.cpp */,
			);
			path = JBKit;
			sourceTree = "<group>";
		};
		874CABEA2B4CA2A80002EC15 /* Frameworks */ = {
			isa = PBXGroup;
			children = (
				874CABEB2B4CA2A80002EC15 /* libxpc.tbd */,
			);
			name = Frameworks;
			sourceTree = "<group>";
		};
/* End PBXGroup section */

/* Begin PBXHeadersBuildPhase section */
		87168C122B4C710A00DC6AB9 /* Headers */ = {
			isa = PBXHeadersBuildPhase;
			buildActionMask = 2147483647;
			files = (
				87168C242B4C71B400DC6AB9 /* JBExploit.hpp in Headers */,
				87168C2C2B4C720500DC6AB9 /* JBOffsets.hpp in Headers */,
				87168C342B4C930F00DC6AB9 /* JBTypes.h in Headers */,
				87168C282B4C71DD00DC6AB9 /* JBPrimitive.hpp in Headers */,
				87168C352B4C931700DC6AB9 /* JBMacros.h in Headers */,
				87168C332B4C807C00DC6AB9 /* JBException.hpp in Headers */,
				87168C1B2B4C710A00DC6AB9 /* JBKit.h in Headers */,
			);
			runOnlyForDeploymentPostprocessing = 0;
		};
/* End PBXHeadersBuildPhase section */

/* Begin PBXNativeTarget section */
		87168C162B4C710A00DC6AB9 /* JBKit */ = {
			isa = PBXNativeTarget;
			buildConfigurationList = 87168C1E2B4C710A00DC6AB9 /* Build configuration list for PBXNativeTarget "JBKit" */;
			buildPhases = (
				87168C122B4C710A00DC6AB9 /* Headers */,
				87168C132B4C710A00DC6AB9 /* Sources */,
				87168C142B4C710A00DC6AB9 /* Frameworks */,
				87168C152B4C710A00DC6AB9 /* Resources */,
			);
			buildRules = (
			);
			dependencies = (
			);
			name = JBKit;
			productName = JBKit;
			productReference = 87168C172B4C710A00DC6AB9 /* JBKit.framework */;
			productType = "com.apple.product-type.framework";
		};
/* End PBXNativeTarget section */

/* Begin PBXProject section */
		87168C0E2B4C710A00DC6AB9 /* Project object */ = {
			isa = PBXProject;
			attributes = {
				BuildIndependentTargetsInParallel = 1;
				LastUpgradeCheck = 1500;
				TargetAttributes = {
					87168C162B4C710A00DC6AB9 = {
						CreatedOnToolsVersion = 15.0.1;
					};
				};
			};
			buildConfigurationList = 87168C112B4C710A00DC6AB9 /* Build configuration list for PBXProject "JBKit" */;
			compatibilityVersion = "Xcode 14.0";
			developmentRegion = en;
			hasScannedForEncodings = 0;
			knownRegions = (
				en,
				Base,
			);
			mainGroup = 87168C0D2B4C710A00DC6AB9;
			productRefGroup = 87168C182B4C710A00DC6AB9 /* Products */;
			projectDirPath = "";
			projectRoot = "";
			targets = (
				87168C162B4C710A00DC6AB9 /* JBKit */,
			);
		};
/* End PBXProject section */

/* Begin PBXResourcesBuildPhase section */
		87168C152B4C710A00DC6AB9 /* Resources */ = {
			isa = PBXResourcesBuildPhase;
			buildActionMask = 2147483647;
			files = (
			);
			runOnlyForDeploymentPostprocessing = 0;
		};
/* End PBXResourcesBuildPhase section */

/* Begin PBXSourcesBuildPhase section */
		87168C132B4C710A00DC6AB9 /* Sources */ = {
			isa = PBXSourcesBuildPhase;
			buildActionMask = 2147483647;
			files = (
				87168C232B4C71B400DC6AB9 /* JBExploit.cpp in Sources */,
				87168C2B2B4C720500DC6AB9 /* JBOffsets.cpp in Sources */,
				87168C272B4C71DD00DC6AB9 /* JBPrimitive.cpp in Sources */,
				87168C322B4C807C00DC6AB9 /* JBException.cpp in Sources */,
			);
			runOnlyForDeploymentPostprocessing = 0;
		};
/* End PBXSourcesBuildPhase section */

/* Begin XCBuildConfiguration section */
		87168C1C2B4C710A00DC6AB9 /* Debug */ = {
			isa = XCBuildConfiguration;
			buildSettings = {
				ALWAYS_SEARCH_USER_PATHS = NO;
				ASSETCATALOG_COMPILER_GENERATE_SWIFT_ASSET_SYMBOL_EXTENSIONS = YES;
				CLANG_ANALYZER_NONNULL = YES;
				CLANG_ANALYZER_NUMBER_OBJECT_CONVERSION = YES_AGGRESSIVE;
				CLANG_CXX_LANGUAGE_STANDARD = "gnu++20";
				CLANG_ENABLE_MODULES = YES;
				CLANG_ENABLE_OBJC_ARC = YES;
				CLANG_ENABLE_OBJC_WEAK = YES;
				CLANG_WARN_BLOCK_CAPTURE_AUTORELEASING = YES;
				CLANG_WARN_BOOL_CONVERSION = YES;
				CLANG_WARN_COMMA = YES;
				CLANG_WARN_CONSTANT_CONVERSION = YES;
				CLANG_WARN_DEPRECATED_OBJC_IMPLEMENTATIONS = YES;
				CLANG_WARN_DIRECT_OBJC_ISA_USAGE = YES_ERROR;
				CLANG_WARN_DOCUMENTATION_COMMENTS = YES;
				CLANG_WARN_EMPTY_BODY = YES;
				CLANG_WARN_ENUM_CONVERSION = YES;
				CLANG_WARN_INFINITE_RECURSION = YES;
				CLANG_WARN_INT_CONVERSION = YES;
				CLANG_WARN_NON_LITERAL_NULL_CONVERSION = YES;
				CLANG_WARN_OBJC_IMPLICIT_RETAIN_SELF = YES;
				CLANG_WARN_OBJC_LITERAL_CONVERSION = YES;
				CLANG_WARN_OBJC_ROOT_CLASS = YES_ERROR;
				CLANG_WARN_QUOTED_INCLUDE_IN_FRAMEWORK_HEADER = YES;
				CLANG_WARN_RANGE_LOOP_ANALYSIS = YES;
				CLANG_WARN_STRICT_PROTOTYPES = YES;
				CLANG_WARN_SUSPICIOUS_MOVE = YES;
				CLANG_WARN_UNGUARDED_AVAILABILITY = YES_AGGRESSIVE;
				CLANG_WARN_UNREACHABLE_CODE = YES;
				CLANG_WARN__DUPLICATE_METHOD_MATCH = YES;
				COPY_PHASE_STRIP = NO;
				CURRENT_PROJECT_VERSION = 1;
				DEBUG_INFORMATION_FORMAT = dwarf;
				ENABLE_STRICT_OBJC_MSGSEND = YES;
				ENABLE_TESTABILITY = YES;
				ENABLE_USER_SCRIPT_SANDBOXING = YES;
				GCC_C_LANGUAGE_STANDARD = gnu17;
				GCC_DYNAMIC_NO_PIC = NO;
				GCC_NO_COMMON_BLOCKS = YES;
				GCC_OPTIMIZATION_LEVEL = 0;
				GCC_PREPROCESSOR_DEFINITIONS = (
					"DEBUG=1",
					"$(inherited)",
				);
				GCC_WARN_64_TO_32_BIT_CONVERSION = YES;
				GCC_WARN_ABOUT_RETURN_TYPE = YES_ERROR;
				GCC_WARN_UNDECLARED_SELECTOR = YES;
				GCC_WARN_UNINITIALIZED_AUTOS = YES_AGGRESSIVE;
				GCC_WARN_UNUSED_FUNCTION = YES;
				GCC_WARN_UNUSED_VARIABLE = YES;
				IPHONEOS_DEPLOYMENT_TARGET = 17.0;
				LOCALIZATION_PREFERS_STRING_CATALOGS = YES;
				MTL_ENABLE_DEBUG_INFO = INCLUDE_SOURCE;
				MTL_FAST_MATH = YES;
				ONLY_ACTIVE_ARCH = YES;
				SDKROOT = iphoneos;
				VERSIONING_SYSTEM = "apple-generic";
				VERSION_INFO_PREFIX = "";
			};
			name = Debug;
		};
		87168C1D2B4C710A00DC6AB9 /* Release */ = {
			isa = XCBuildConfiguration;
			buildSettings = {
				ALWAYS_SEARCH_USER_PATHS = NO;
				ASSETCATALOG_COMPILER_GENERATE_SWIFT_ASSET_SYMBOL_EXTENSIONS = YES;
				CLANG_ANALYZER_NONNULL = YES;
				CLANG_ANALYZER_NUMBER_OBJECT_CONVERSION = YES_AGGRESSIVE;
				CLANG_CXX_LANGUAGE_STANDARD = "gnu++20";
				CLANG_ENABLE_MODULES = YES;
				CLANG_ENABLE_OBJC_ARC = YES;
				CLANG_ENABLE_OBJC_WEAK = YES;
				CLANG_WARN_BLOCK_CAPTURE_AUTORELEASING = YES;
				CLANG_WARN_BOOL_CONVERSION = YES;
				CLANG_WARN_COMMA = YES;
				CLANG_WARN_CONSTANT_CONVERSION = YES;
				CLANG_WARN_DEPRECATED_OBJC_IMPLEMENTATIONS = YES;
				CLANG_WARN_DIRECT_OBJC_ISA_USAGE = YES_ERROR;
				CLANG_WARN_DOCUMENTATION_COMMENTS = YES;
				CLANG_WARN_EMPTY_BODY = YES;
				CLANG_WARN_ENUM_CONVERSION = YES;
				CLANG_WARN_INFINITE_RECURSION = YES;
				CLANG_WARN_INT_CONVERSION = YES;
				CLANG_WARN_NON_LITERAL_NULL_CONVERSION = YES;
				CLANG_WARN_OBJC_IMPLICIT_RETAIN_SELF = YES;
				CLANG_WARN_OBJC_LITERAL_CONVERSION = YES;
				CLANG_WARN_OBJC_ROOT_CLASS = YES_ERROR;
				CLANG_WARN_QUOTED_INCLUDE_IN_FRAMEWORK_HEADER = YES;
				CLANG_WARN_RANGE_LOOP_ANALYSIS = YES;
				CLANG_WARN_STRICT_PROTOTYPES = YES;
				CLANG_WARN_SUSPICIOUS_MOVE = YES;
				CLANG_WARN_UNGUARDED_AVAILABILITY = YES_AGGRESSIVE;
				CLANG_WARN_UNREACHABLE_CODE = YES;
				CLANG_WARN__DUPLICATE_METHOD_MATCH = YES;
				COPY_PHASE_STRIP = NO;
				CURRENT_PROJECT_VERSION = 1;
				DEBUG_INFORMATION_FORMAT = "dwarf-with-dsym";
				ENABLE_NS_ASSERTIONS = NO;
				ENABLE_STRICT_OBJC_MSGSEND = YES;
				ENABLE_USER_SCRIPT_SANDBOXING = YES;
				GCC_C_LANGUAGE_STANDARD = gnu17;
				GCC_NO_COMMON_BLOCKS = YES;
				GCC_WARN_64_TO_32_BIT_CONVERSION = YES;
				GCC_WARN_ABOUT_RETURN_TYPE = YES_ERROR;
				GCC_WARN_UNDECLARED_SELECTOR = YES;
				GCC_WARN_UNINITIALIZED_AUTOS = YES_AGGRESSIVE;
				GCC_WARN_UNUSED_FUNCTION = YES;
				GCC_WARN_UNUSED_VARIABLE = YES;
				IPHONEOS_DEPLOYMENT_TARGET = 17.0;
				LOCALIZATION_PREFERS_STRING_CATALOGS = YES;
				MTL_ENABLE_DEBUG_INFO = NO;
				MTL_FAST_MATH = YES;
				SDKROOT = iphoneos;
				VALIDATE_PRODUCT = YES;
				VERSIONING_SYSTEM = "apple-generic";
				VERSION_INFO_PREFIX = "";
			};
			name = Release;
		};
		87168C1F2B4C710A00DC6AB9 /* Debug */ = {
			isa = XCBuildConfiguration;
			buildSettings = {
				CODE_SIGN_STYLE = Automatic;
				CURRENT_PROJECT_VERSION = 1;
				DEFINES_MODULE = YES;
				DYLIB_COMPATIBILITY_VERSION = 1;
				DYLIB_CURRENT_VERSION = 1;
				DYLIB_INSTALL_NAME_BASE = "@rpath";
				ENABLE_MODULE_VERIFIER = YES;
				ENABLE_TESTABILITY = YES;
				GENERATE_INFOPLIST_FILE = YES;
				HEADER_SEARCH_PATHS = "${SRCROOT}/include";
				INFOPLIST_KEY_NSHumanReadableCopyright = "";
				INSTALL_PATH = "$(LOCAL_LIBRARY_DIR)/Frameworks";
				IPHONEOS_DEPLOYMENT_TARGET = 15.0;
				LD_RUNPATH_SEARCH_PATHS = (
					"$(inherited)",
					"@executable_path/Frameworks",
					"@loader_path/Frameworks",
				);
				LIBRARY_SEARCH_PATHS = "${SRCROOT}/lib";
				MARKETING_VERSION = 1.0;
				MODULE_VERIFIER_SUPPORTED_LANGUAGES = "objective-c objective-c++";
				MODULE_VERIFIER_SUPPORTED_LANGUAGE_STANDARDS = "gnu17 gnu++20";
				PRODUCT_BUNDLE_IDENTIFIER = net.tihmstar.JBKit;
				PRODUCT_NAME = "$(TARGET_NAME:c99extidentifier)";
				SKIP_INSTALL = YES;
				SWIFT_EMIT_LOC_STRINGS = YES;
				TARGETED_DEVICE_FAMILY = "1,2";
			};
			name = Debug;
		};
		87168C202B4C710A00DC6AB9 /* Release */ = {
			isa = XCBuildConfiguration;
			buildSettings = {
				CODE_SIGN_STYLE = Automatic;
				CURRENT_PROJECT_VERSION = 1;
				DEFINES_MODULE = YES;
				DYLIB_COMPATIBILITY_VERSION = 1;
				DYLIB_CURRENT_VERSION = 1;
				DYLIB_INSTALL_NAME_BASE = "@rpath";
				ENABLE_MODULE_VERIFIER = YES;
				GENERATE_INFOPLIST_FILE = YES;
				HEADER_SEARCH_PATHS = "${SRCROOT}/include";
				INFOPLIST_KEY_NSHumanReadableCopyright = "";
				INSTALL_PATH = "$(LOCAL_LIBRARY_DIR)/Frameworks";
				IPHONEOS_DEPLOYMENT_TARGET = 15.0;
				LD_RUNPATH_SEARCH_PATHS = (
					"$(inherited)",
					"@executable_path/Frameworks",
					"@loader_path/Frameworks",
				);
				LIBRARY_SEARCH_PATHS = "${SRCROOT}/lib";
				MARKETING_VERSION = 1.0;
				MODULE_VERIFIER_SUPPORTED_LANGUAGES = "objective-c objective-c++";
				MODULE_VERIFIER_SUPPORTED_LANGUAGE_STANDARDS = "gnu17 gnu++20";
				PRODUCT_BUNDLE_IDENTIFIER = net.tihmstar.JBKit;
				PRODUCT_NAME = "$(TARGET_NAME:c99extidentifier)";
				SKIP_INSTALL = YES;
				SWIFT_EMIT_LOC_STRINGS = YES;
				TARGETED_DEVICE_FAMILY = "1,2";
			};
			name = Release;
		};
/* End XCBuildConfiguration section */

/* Begin XCConfigurationList section */
		87168C112B4C710A00DC6AB9 /* Build configuration list for PBXProject "JBKit" */ = {
			isa = XCConfigurationList;
			buildConfigurations = (
				87168C1C2B4C710A00DC6AB9 /* Debug */,
				87168C1D2B4C710A00DC6AB9 /* Release */,
			);
			defaultConfigurationIsVisible = 0;
			defaultConfigurationName = Release;
		};
		87168C1E2B4C710A00DC6AB9 /* Build configuration list for PBXNativeTarget "JBKit" */ = {
			isa = XCConfigurationList;
			buildConfigurations = (
				87168C1F2B4C710A00DC6AB9 /* Debug */,
				87168C202B4C710A00DC6AB9 /* Release */,
			);
			defaultConfigurationIsVisible = 0;
			defaultConfigurationName = Release;
		};
/* End XCConfigurationList section */
	};
	rootObject = 87168C0E2B4C710A00DC6AB9 /* Project object */;
}
